// !$*UTF8*$!
{
	archiveVersion = 1;
	classes = {
	};
	objectVersion = 46;
	objects = {

/* Begin PBXBuildFile section */
		7CC9A4171E8F89B5003BA47A /* AppDelegate.swift in Sources */ = {isa = PBXBuildFile; fileRef = 7CC9A4161E8F89B5003BA47A /* AppDelegate.swift */; };
		7CC9A4191E8F89B5003BA47A /* ViewController.swift in Sources */ = {isa = PBXBuildFile; fileRef = 7CC9A4181E8F89B5003BA47A /* ViewController.swift */; };
		7CC9A41C1E8F89B5003BA47A /* Main.storyboard in Resources */ = {isa = PBXBuildFile; fileRef = 7CC9A41A1E8F89B5003BA47A /* Main.storyboard */; };
		7CC9A41E1E8F89B5003BA47A /* Assets.xcassets in Resources */ = {isa = PBXBuildFile; fileRef = 7CC9A41D1E8F89B5003BA47A /* Assets.xcassets */; };
		7CC9A4211E8F89B5003BA47A /* LaunchScreen.storyboard in Resources */ = {isa = PBXBuildFile; fileRef = 7CC9A41F1E8F89B5003BA47A /* LaunchScreen.storyboard */; };
/* End PBXBuildFile section */

/* Begin PBXFileReference section */
		7CC9A4131E8F89B5003BA47A /* Miracle Pill.app */ = {isa = PBXFileReference; explicitFileType = wrapper.application; includeInIndex = 0; path = "Miracle Pill.app"; sourceTree = BUILT_PRODUCTS_DIR; };
		7CC9A4161E8F89B5003BA47A /* AppDelegate.swift */ = {isa = PBXFileReference; lastKnownFileType = sourcecode.swift; path = AppDelegate.swift; sourceTree = "<group>"; };
		7CC9A4181E8F89B5003BA47A /* ViewController.swift */ = {isa = PBXFileReference; lastKnownFileType = sourcecode.swift; path = ViewController.swift; sourceTree = "<group>"; };
		7CC9A41B1E8F89B5003BA47A /* Base */ = {isa = PBXFileReference; lastKnownFileType = file.storyboard; name = Base; path = Base.lproj/Main.storyboard; sourceTree = "<group>"; };
		7CC9A41D1E8F89B5003BA47A /* Assets.xcassets */ = {isa = PBXFileReference; lastKnownFileType = folder.assetcatalog; path = Assets.xcassets; sourceTree = "<group>"; };
		7CC9A4201E8F89B5003BA47A /* Base */ = {isa = PBXFileReference; lastKnownFileType = file.storyboard; name = Base; path = Base.lproj/LaunchScreen.storyboard; sourceTree = "<group>"; };
		7CC9A4221E8F89B5003BA47A /* Info.plist */ = {isa = PBXFileReference; lastKnownFileType = text.plist.xml; path = Info.plist; sourceTree = "<group>"; };
/* End PBXFileReference section */

/* Begin PBXFrameworksBuildPhase section */
		7CC9A4101E8F89B4003BA47A /* Frameworks */ = {
			isa = PBXFrameworksBuildPhase;
			buildActionMask = 2147483647;
			files = (
			);
			runOnlyForDeploymentPostprocessing = 0;
		};
/* End PBXFrameworksBuildPhase section */

/* Begin PBXGroup section */
		7CC9A40A1E8F89B4003BA47A = {
			isa = PBXGroup;
			children = (
				7CC9A4151E8F89B5003BA47A /* Miracle Pill */,
				7CC9A4141E8F89B5003BA47A /* Products */,
			);
			sourceTree = "<group>";
		};
		7CC9A4141E8F89B5003BA47A /* Products */ = {
			isa = PBXGroup;
			children = (
				7CC9A4131E8F89B5003BA47A /* Miracle Pill.app */,
			);
			name = Products;
			sourceTree = "<group>";
		};
		7CC9A4151E8F89B5003BA47A /* Miracle Pill */ = {
			isa = PBXGroup;
			children = (
				7CC9A4161E8F89B5003BA47A /* AppDelegate.swift */,
				7CC9A4181E8F89B5003BA47A /* ViewController.swift */,
				7CC9A41A1E8F89B5003BA47A /* Main.storyboard */,
				7CC9A41D1E8F89B5003BA47A /* Assets.xcassets */,
				7CC9A41F1E8F89B5003BA47A /* LaunchScreen.storyboard */,
				7CC9A4221E8F89B5003BA47A /* Info.plist */,
			);
			path = "Miracle Pill";
			sourceTree = "<group>";
		};
/* End PBXGroup section */

/* Begin PBXNativeTarget section */
		7CC9A4121E8F89B4003BA47A /* Miracle Pill */ = {
			isa = PBXNativeTarget;
			buildConfigurationList = 7CC9A4251E8F89B5003BA47A /* Build configuration list for PBXNativeTarget "Miracle Pill" */;
			buildPhases = (
				7CC9A40F1E8F89B4003BA47A /* Sources */,
				7CC9A4101E8F89B4003BA47A /* Frameworks */,
				7CC9A4111E8F89B4003BA47A /* Resources */,
			);
			buildRules = (
			);
			dependencies = (
			);
			name = "Miracle Pill";
			productName = "Miracle Pill";
			productReference = 7CC9A4131E8F89B5003BA47A /* Miracle Pill.app */;
			productType = "com.apple.product-type.application";
		};
/* End PBXNativeTarget section */

/* Begin PBXProject section */
		7CC9A40B1E8F89B4003BA47A /* Project object */ = {
			isa = PBXProject;
			attributes = {
				LastSwiftUpdateCheck = 0820;
				LastUpgradeCheck = 0820;
				ORGANIZATIONNAME = EMech;
				TargetAttributes = {
					7CC9A4121E8F89B4003BA47A = {
						CreatedOnToolsVersion = 8.2.1;
						DevelopmentTeam = S95JZ7J36V;
						ProvisioningStyle = Automatic;
					};
				};
			};
			buildConfigurationList = 7CC9A40E1E8F89B4003BA47A /* Build configuration list for PBXProject "Miracle Pill" */;
			compatibilityVersion = "Xcode 3.2";
			developmentRegion = English;
			hasScannedForEncodings = 0;
			knownRegions = (
				en,
				Base,
			);
			mainGroup = 7CC9A40A1E8F89B4003BA47A;
			productRefGroup = 7CC9A4141E8F89B5003BA47A /* Products */;
			projectDirPath = "";
			projectRoot = "";
			targets = (
				7CC9A4121E8F89B4003BA47A /* Miracle Pill */,
			);
		};
/* End PBXProject section */

/* Begin PBXResourcesBuildPhase section */
		7CC9A4111E8F89B4003BA47A /* Resources */ = {
			isa = PBXResourcesBuildPhase;
			buildActionMask = 2147483647;
			files = (
				7CC9A4211E8F89B5003BA47A /* LaunchScreen.storyboard in Resources */,
				7CC9A41E1E8F89B5003BA47A /* Assets.xcassets in Resources */,
				7CC9A41C1E8F89B5003BA47A /* Main.storyboard in Resources */,
			);
			runOnlyForDeploymentPostprocessing = 0;
		};
/* End PBXResourcesBuildPhase section */

/* Begin PBXSourcesBuildPhase section */
		7CC9A40F1E8F89B4003BA47A /* Sources */ = {
			isa = PBXSourcesBuildPhase;
			buildActionMask = 2147483647;
			files = (
				7CC9A4191E8F89B5003BA47A /* ViewController.swift in Sources */,
				7CC9A4171E8F89B5003BA47A /* AppDelegate.swift in Sources */,
			);
			runOnlyForDeploymentPostprocessing = 0;
		};
/* End PBXSourcesBuildPhase section */

/* Begin PBXVariantGroup section */
		7CC9A41A1E8F89B5003BA47A /* Main.storyboard */ = {
			isa = PBXVariantGroup;
			children = (
				7CC9A41B1E8F89B5003BA47A /* Base */,
			);
			name = Main.storyboard;
			sourceTree = "<group>";
		};
		7CC9A41F1E8F89B5003BA47A /* LaunchScreen.storyboard */ = {
			isa = PBXVariantGroup;
			children = (
				7CC9A4201E8F89B5003BA47A /* Base */,
			);
			name = LaunchScreen.storyboard;
			sourceTree = "<group>";
		};
/* End PBXVariantGroup section */

/* Begin XCBuildConfiguration section */
		7CC9A4231E8F89B5003BA47A /* Debug */ = {
			isa = XCBuildConfiguration;
			buildSettings = {
				ALWAYS_SEARCH_USER_PATHS = NO;
				CLANG_ANALYZER_NONNULL = YES;
				CLANG_CXX_LANGUAGE_STANDARD = "gnu++0x";
				CLANG_CXX_LIBRARY = "libc++";
				CLANG_ENABLE_MODULES = YES;
				CLANG_ENABLE_OBJC_ARC = YES;
				CLANG_WARN_BOOL_CONVERSION = YES;
				CLANG_WARN_CONSTANT_CONVERSION = YES;
				CLANG_WARN_DIRECT_OBJC_ISA_USAGE = YES_ERROR;
				CLANG_WARN_DOCUMENTATION_COMMENTS = YES;
				CLANG_WARN_EMPTY_BODY = YES;
				CLANG_WARN_ENUM_CONVERSION = YES;
				CLANG_WARN_INFINITE_RECURSION = YES;
				CLANG_WARN_INT_CONVERSION = YES;
				CLANG_WARN_OBJC_ROOT_CLASS = YES_ERROR;
				CLANG_WARN_SUSPICIOUS_MOVE = YES;
				CLANG_WARN_UNREACHABLE_CODE = YES;
				CLANG_WARN__DUPLICATE_METHOD_MATCH = YES;
				"CODE_SIGN_IDENTITY[sdk=iphoneos*]" = "iPhone Developer";
				COPY_PHASE_STRIP = NO;
				DEBUG_INFORMATION_FORMAT = dwarf;
				ENABLE_STRICT_OBJC_MSGSEND = YES;
				ENABLE_TESTABILITY = YES;
				GCC_C_LANGUAGE_STANDARD = gnu99;
				GCC_DYNAMIC_NO_PIC = NO;
				GCC_NO_COMMON_BLOCKS = YES;
				GCC_OPTIMIZATION_LEVEL = 0;
				GCC_PREPROCESSOR_DEFINITIONS = (
					"DEBUG=1",
					"$(inherited)",
				);
				GCC_WARN_64_TO_32_BIT_CONVERSION = YES;
				GCC_WARN_ABOUT_RETURN_TYPE = YES_ERROR;
				GCC_WARN_UNDECLARED_SELECTOR = YES;
				GCC_WARN_UNINITIALIZED_AUTOS = YES_AGGRESSIVE;
				GCC_WARN_UNUSED_FUNCTION = YES;
				GCC_WARN_UNUSED_VARIABLE = YES;
				IPHONEOS_DEPLOYMENT_TARGET = 10.2;
				MTL_ENABLE_DEBUG_INFO = YES;
				ONLY_ACTIVE_ARCH = YES;
				SDKROOT = iphoneos;
				SWIFT_ACTIVE_COMPILATION_CONDITIONS = DEBUG;
				SWIFT_OPTIMIZATION_LEVEL = "-Onone";
				TARGETED_DEVICE_FAMILY = "1,2";
			};
			name = Debug;
		};
		7CC9A4241E8F89B5003BA47A /* Release */ = {
			isa = XCBuildConfiguration;
			buildSettings = {
				ALWAYS_SEARCH_USER_PATHS = NO;
				CLANG_ANALYZER_NONNULL = YES;
				CLANG_CXX_LANGUAGE_STANDARD = "gnu++0x";
				CLANG_CXX_LIBRARY = "libc++";
				CLANG_ENABLE_MODULES = YES;
				CLANG_ENABLE_OBJC_ARC = YES;
				CLANG_WARN_BOOL_CONVERSION = YES;
				CLANG_WARN_CONSTANT_CONVERSION = YES;
				CLANG_WARN_DIRECT_OBJC_ISA_USAGE = YES_ERROR;
				CLANG_WARN_DOCUMENTATION_COMMENTS = YES;
				CLANG_WARN_EMPTY_BODY = YES;
				CLANG_WARN_ENUM_CONVERSION = YES;
				CLANG_WARN_INFINITE_RECURSION = YES;
				CLANG_WARN_INT_CONVERSION = YES;
				CLANG_WARN_OBJC_ROOT_CLASS = YES_ERROR;
				CLANG_WARN_SUSPICIOUS_MOVE = YES;
				CLANG_WARN_UNREACHABLE_CODE = YES;
				CLANG_WARN__DUPLICATE_METHOD_MATCH = YES;
				"CODE_SIGN_IDENTITY[sdk=iphoneos*]" = "iPhone Developer";
				COPY_PHASE_STRIP = NO;
				DEBUG_INFORMATION_FORMAT = "dwarf-with-dsym";
				ENABLE_NS_ASSERTIONS = NO;
				ENABLE_STRICT_OBJC_MSGSEND = YES;
				GCC_C_LANGUAGE_STANDARD = gnu99;
				GCC_NO_COMMON_BLOCKS = YES;
				GCC_WARN_64_TO_32_BIT_CONVERSION = YES;
				GCC_WARN_ABOUT_RETURN_TYPE = YES_ERROR;
				GCC_WARN_UNDECLARED_SELECTOR = YES;
				GCC_WARN_UNINITIALIZED_AUTOS = YES_AGGRESSIVE;
				GCC_WARN_UNUSED_FUNCTION = YES;
				GCC_WARN_UNUSED_VARIABLE = YES;
				IPHONEOS_DEPLOYMENT_TARGET = 10.2;
				MTL_ENABLE_DEBUG_INFO = NO;
				SDKROOT = iphoneos;
				SWIFT_OPTIMIZATION_LEVEL = "-Owholemodule";
				TARGETED_DEVICE_FAMILY = "1,2";
				VALIDATE_PRODUCT = YES;
			};
			name = Release;
		};
		7CC9A4261E8F89B5003BA47A /* Debug */ = {
			isa = XCBuildConfiguration;
			buildSettings = {
				ASSETCATALOG_COMPILER_APPICON_NAME = AppIcon;
				DEVELOPMENT_TEAM = S95JZ7J36V;
				INFOPLIST_FILE = "Miracle Pill/Info.plist";
				LD_RUNPATH_SEARCH_PATHS = "$(inherited) @executable_path/Frameworks";
				PRODUCT_BUNDLE_IDENTIFIER = "EMech.Miracle-Pill";
				PRODUCT_NAME = "$(TARGET_NAME)";
				SWIFT_VERSION = 3.0;
			};
			name = Debug;
		};
		7CC9A4271E8F89B5003BA47A /* Release */ = {
			isa = XCBuildConfiguration;
			buildSettings = {
				ASSETCATALOG_COMPILER_APPICON_NAME = AppIcon;
				DEVELOPMENT_TEAM = S95JZ7J36V;
				INFOPLIST_FILE = "Miracle Pill/Info.plist";
				LD_RUNPATH_SEARCH_PATHS = "$(inherited) @executable_path/Frameworks";
				PRODUCT_BUNDLE_IDENTIFIER = "EMech.Miracle-Pill";
				PRODUCT_NAME = "$(TARGET_NAME)";
				SWIFT_VERSION = 3.0;
			};
			name = Release;
		};
/* End XCBuildConfiguration section */

/* Begin XCConfigurationList section */
		7CC9A40E1E8F89B4003BA47A /* Build configuration list for PBXProject "Miracle Pill" */ = {
			isa = XCConfigurationList;
			buildConfigurations = (
				7CC9A4231E8F89B5003BA47A /* Debug */,
				7CC9A4241E8F89B5003BA47A /* Release */,
			);
			defaultConfigurationIsVisible = 0;
			defaultConfigurationName = Release;
		};
		7CC9A4251E8F89B5003BA47A /* Build configuration list for PBXNativeTarget "Miracle Pill" */ = {
			isa = XCConfigurationList;
			buildConfigurations = (
				7CC9A4261E8F89B5003BA47A /* Debug */,
				7CC9A4271E8F89B5003BA47A /* Release */,
			);
			defaultConfigurationIsVisible = 0;
		};
/* End XCConfigurationList section */
	};
	rootObject = 7CC9A40B1E8F89B4003BA47A /* Project object */;
}
